
Microsoft Visual Studio Solution File, Format Version 12.00
# Visual Studio Version 17
VisualStudioVersion = 17.2.32616.157
MinimumVisualStudioVersion = 10.0.40219.1
Project("{FAE04EC0-301F-11D3-BF4B-00C04F79EFBC}") = "StackUsingLinkedList_B", "StackUsingLinkedList_B\StackUsingLinkedList_B.csproj", "{12444CAF-8312-4A82-9A16-B7BB17AC37D4}"
EndProject
Global
	GlobalSection(SolutionConfigurationPlatforms) = preSolution
		Debug|Any CPU = Debug|Any CPU
		Release|Any CPU = Release|Any CPU
	EndGlobalSection
	GlobalSection(ProjectConfigurationPlatforms) = postSolution
		{12444CAF-8312-4A82-9A16-B7BB17AC37D4}.Debug|Any CPU.ActiveCfg = Debug|Any CPU
		{12444CAF-8312-4A82-9A16-B7BB17AC37D4}.Debug|Any CPU.Build.0 = Debug|Any CPU
		{12444CAF-8312-4A82-9A16-B7BB17AC37D4}.Release|Any CPU.ActiveCfg = Release|Any CPU
		{12444CAF-8312-4A82-9A16-B7BB17AC37D4}.Release|Any CPU.Build.0 = Release|Any CPU
	EndGlobalSection
	GlobalSection(SolutionProperties) = preSolution
		HideSolutionNode = FALSE
	EndGlobalSection
	GlobalSection(ExtensibilityGlobals) = postSolution
		SolutionGuid = {6357413C-78EE-443D-8630-501B8242E113}
	EndGlobalSection
EndGlobal
